{
  "name": "ssm-session-example-node",
  "version": "1.0.0",
  "lockfileVersion": 1,
  "requires": true,
  "dependencies": {
    "ssm-session": {
      "version": "1.0.4",
      "resolved": "https://npm.labinno.fr/ssm-session/-/ssm-session-1.0.4.tgz",
      "integrity": "sha512-ezm7Km6AbACqwcsTkTR0NO05xEYBpxjXl5M1fTmaaCk9ffgDNdrFi98OqraCG0feGHzJBZZzeCuxAf/74GEpIQ=="
    }
  }
}
