{
  "name": "ssm-session-example-node",
  "version": "1.0.0",
  "lockfileVersion": 1,
  "requires": true,
  "dependencies": {
    "ssm-session": {
      "version": "1.0.1",
      "resolved": "https://registry.npmjs.org/ssm-session/-/ssm-session-1.0.1.tgz",
      "integrity": "sha512-FDNV7YFgni6cMX8YuwrZPU5GFpCrb1B3BhyMLo5r0mGyk/RO8Cn+FZgOwWsagbkaR+jSPY9rbOsNqf9KRE4d5Q=="
    }
  }
}
